filippo.io/edwards25519 v1.1.0 h1:FNf4tywRC1HmFuKW5xopWpigGjJKiJSV0Cqo0cJWDaA=
filippo.io/edwards25519 v1.1.0/go.mod h1:BxyFTGdWcka3PhytdK4V28tE5sGfRvvvRV7EaN4VDT4=
github.com/Azure/azure-sdk-for-go/sdk/azcore v1.11.1 h1:E+OJmp2tPvt1W+amx48v1eqbjDYsgN+RzP4q16yV5eM=
github.com/Azure/azure-sdk-for-go/sdk/azcore v1.11.1/go.mod h1:a6xsAQUZg+VsS3TJ05SRp524Hs4pZ/AeFSr5ENf0Yjo=
github.com/Azure/azure-sdk-for-go/sdk/azidentity v1.6.0 h1:U2rTu3Ef+7w9FHKIAXM6ZyqF3UOWJZ12zIm8zECAFfg=
github.com/Azure/azure-sdk-for-go/sdk/azidentity v1.6.0/go.mod h1:9kIvujWAA58nmPmWB1m23fyWic1kYZMxD9CxaWn4Qpg=
github.com/Azure/azure-sdk-for-go/sdk/internal v1.8.0 h1:jBQA3cKT4L2rWMpgE7Yt3Hwh2aUj8KXjIGLxjHeYNNo=
github.com/Azure/azure-sdk-for-go/sdk/internal v1.8.0/go.mod h1:4OG6tQ9EOP/MT0NMjDlRzWoVFxfu9rN9B2X+tlSVktg=
github.com/Azure/azure-sdk-for-go/sdk/security/keyvault/azkeys v1.0.1 h1:MyVTgWR8qd/Jw1Le0NZebGBUCLbtak3bJ3z1OlqZBpw=
github.com/Azure/azure-sdk-for-go/sdk/security/keyvault/azkeys v1.0.1/go.mod h1:GpPjLhVR9dnUoJMyHWSPy71xY9/lcmpzIPZXmF0FCVY=
github.com/Azure/azure-sdk-for-go/sdk/security/keyvault/internal v1.0.0 h1:D3occbWoio4EBLkbkevetNMAVX197GkzbUMtqjGWn80=
github.com/Azure/azure-sdk-for-go/sdk/security/keyvault/internal v1.0.0/go.mod h1:bTSOgj05NGRuHHhQwAdPnYr9TOdNmKlZTgGLL6nyAdI=
github.com/AzureAD/microsoft-authentication-library-for-go v1.2.2 h1:XHOnouVk1mxXfQidrMEnLlPk9UMeRtyBTnEFtxkV0kU=
github.com/AzureAD/microsoft-authentication-library-for-go v1.2.2/go.mod h1:wP83P5OoQ5p6ip3ScPr0BAq0BvuPAvacpEuSzyouqAI=
github.com/UNO-SOFT/zlog v0.8.1 h1:TEFkGJHtUfTRgMkLZiAjLSHALjwSBdw6/zByMC5GJt4=
github.com/UNO-SOFT/zlog v0.8.1/go.mod h1:yqFOjn3OhvJ4j7ArJqQNA+9V+u6t9zSAyIZdWdMweWc=
github.com/aws/aws-sdk-go-v2 v1.32.8 h1:cZV+NUS/eGxKXMtmyhtYPJ7Z4YLoI/V8bkTdRZfYhGo=
github.com/aws/aws-sdk-go-v2 v1.32.8/go.mod h1:P5WJBrYqqbWVaOxgH0X/FYYD47/nooaPOZPlQdmiN2U=
github.com/aws/aws-sdk-go-v2/aws/protocol/eventstream v1.6.7 h1:lL7IfaFzngfx0ZwUGOZdsFFnQ5uLvR0hWqqhyE7Q9M8=
github.com/aws/aws-sdk-go-v2/aws/protocol/eventstream v1.6.7/go.mod h1:QraP0UcVlQJsmHfioCrveWOC1nbiWUl3ej08h4mXWoc=
github.com/aws/aws-sdk-go-v2/config v1.28.11 h1:7Ekru0IkRHRnSRWGQLnLN6i0o1Jncd0rHo2T130+tEQ=
github.com/aws/aws-sdk-go-v2/config v1.28.11/go.mod h1:x78TpPvBfHH16hi5tE3OCWQ0pzNfyXA349p5/Wp82Yo=
github.com/aws/aws-sdk-go-v2/credentials v1.17.52 h1:I4ymSk35LHogx2Re2Wu6LOHNTRaRWkLVoJgWS5Wd40M=
github.com/aws/aws-sdk-go-v2/credentials v1.17.52/go.mod h1:vAkqKbMNUcher8fDXP2Ge2qFXKMkcD74qvk1lJRMemM=
github.com/aws/aws-sdk-go-v2/feature/ec2/imds v1.16.23 h1:IBAoD/1d8A8/1aA8g4MBVtTRHhXRiNAgwdbo/xRM2DI=
github.com/aws/aws-sdk-go-v2/feature/ec2/imds v1.16.23/go.mod h1:vfENuCM7dofkgKpYzuzf1VT1UKkA/YL3qanfBn7HCaA=
github.com/aws/aws-sdk-go-v2/feature/s3/manager v1.17.49 h1:7gss+6H2mrrFtBrkokJRR2TzQD9qkpGA4N6BvIP/pCM=
github.com/aws/aws-sdk-go-v2/feature/s3/manager v1.17.49/go.mod h1:30PBx0ENoUCJm2AxzgCue8j7KEjb9ci4enxy6CCOjbE=
github.com/aws/aws-sdk-go-v2/internal/configsources v1.3.27 h1:jSJjSBzw8VDIbWv+mmvBSP8ezsztMYJGH+eKqi9AmNs=
github.com/aws/aws-sdk-go-v2/internal/configsources v1.3.27/go.mod h1:/DAhLbFRgwhmvJdOfSm+WwikZrCuUJiA4WgJG0fTNSw=
github.com/aws/aws-sdk-go-v2/internal/endpoints/v2 v2.6.27 h1:l+X4K77Dui85pIj5foXDhPlnqcNRG2QUyvca300lXh8=
github.com/aws/aws-sdk-go-v2/internal/endpoints/v2 v2.6.27/go.mod h1:KvZXSFEXm6x84yE8qffKvT3x8J5clWnVFXphpohhzJ8=
github.com/aws/aws-sdk-go-v2/internal/ini v1.8.1 h1:VaRN3TlFdd6KxX1x3ILT5ynH6HvKgqdiXoTxAF4HQcQ=
github.com/aws/aws-sdk-go-v2/internal/ini v1.8.1/go.mod h1:FbtygfRFze9usAadmnGJNc8KsP346kEe+y2/oyhGAGc=
github.com/aws/aws-sdk-go-v2/internal/v4a v1.3.27 h1:AmB5QxnD+fBFrg9LcqzkgF/CaYvMyU/BTlejG4t1S7Q=
github.com/aws/aws-sdk-go-v2/internal/v4a v1.3.27/go.mod h1:Sai7P3xTiyv9ZUYO3IFxMnmiIP759/67iQbU4kdmkyU=
github.com/aws/aws-sdk-go-v2/service/internal/accept-encoding v1.12.1 h1:iXtILhvDxB6kPvEXgsDhGaZCSC6LQET5ZHSdJozeI0Y=
github.com/aws/aws-sdk-go-v2/service/internal/accept-encoding v1.12.1/go.mod h1:9nu0fVANtYiAePIBh2/pFUSwtJ402hLnp854CNoDOeE=
github.com/aws/aws-sdk-go-v2/service/internal/checksum v1.4.8 h1:iwYS40JnrBeA9e9aI5S6KKN4EB2zR4iUVYN0nwVivz4=
github.com/aws/aws-sdk-go-v2/service/internal/checksum v1.4.8/go.mod h1:Fm9Mi+ApqmFiknZtGpohVcBGvpTu542VC4XO9YudRi0=
github.com/aws/aws-sdk-go-v2/service/internal/presigned-url v1.12.8 h1:cWno7lefSH6Pp+mSznagKCgfDGeZRin66UvYUqAkyeA=
github.com/aws/aws-sdk-go-v2/service/internal/presigned-url v1.12.8/go.mod h1:tPD+VjU3ABTBoEJ3nctu5Nyg4P4yjqSH5bJGGkY4+XE=
github.com/aws/aws-sdk-go-v2/service/internal/s3shared v1.18.8 h1:/Mn7gTedG86nbpjT4QEKsN1D/fThiYe1qvq7WsBGNHg=
github.com/aws/aws-sdk-go-v2/service/internal/s3shared v1.18.8/go.mod h1:Ae3va9LPmvjj231ukHB6UeT8nS7wTPfC3tMZSZMwNYg=
github.com/aws/aws-sdk-go-v2/service/s3 v1.72.3 h1:WZOmJfCDV+4tYacLxpiojoAdT5sxTfB3nTqQNtZu+J4=
github.com/aws/aws-sdk-go-v2/service/s3 v1.72.3/go.mod h1:xMekrnhmJ5aqmyxtmALs7mlvXw5xRh+eYjOjvrIIFJ4=
github.com/aws/aws-sdk-go-v2/service/sso v1.24.9 h1:YqtxripbjWb2QLyzRK9pByfEDvgg95gpC2AyDq4hFE8=
github.com/aws/aws-sdk-go-v2/service/sso v1.24.9/go.mod h1:lV8iQpg6OLOfBnqbGMBKYjilBlf633qwHnBEiMSPoHY=
github.com/aws/aws-sdk-go-v2/service/ssooidc v1.28.8 h1:6dBT1Lz8fK11m22R+AqfRsFn8320K0T5DTGxxOQBSMw=
github.com/aws/aws-sdk-go-v2/service/ssooidc v1.28.8/go.mod h1:/kiBvRQXBc6xeJTYzhSdGvJ5vm1tjaDEjH+MSeRJnlY=
github.com/aws/aws-sdk-go-v2/service/sts v1.33.7 h1:qwGa9MA8G7mBq2YphHFaygdPe5t9OA7SvaJdwWTlEds=
github.com/aws/aws-sdk-go-v2/service/sts v1.33.7/go.mod h1:+8h7PZb3yY5ftmVLD7ocEoE98hdc8PoKS0H3wfx1dlc=
github.com/aws/smithy-go v1.22.1 h1:/HPHZQ0g7f4eUeK6HKglFz8uwVfZKgoI25rb/J+dnro=
github.com/aws/smithy-go v1.22.1/go.mod h1:irrKGvNn1InZwb2d7fkIRNucdfwR8R+Ts3wxYa/cJHg=
github.com/bitly/go-hostpool v0.0.0-20171023180738-a3a6125de932/go.mod h1:NOuUCSz6Q9T7+igc/hlvDOUdtWKryOrtFyIVABv/p7k=
github.com/bmizerany/assert v0.0.0-20160611221934-b7ed37b82869/go.mod h1:Ekp36dRnpXw/yCqJaO+ZrUyxD+3VXMFFr56k5XYrpB4=
github.com/creack/pty v1.1.9/go.mod h1:oKZEueFk5CKHvIhNR5MUki03XCEU+Q6VDXinZuGJ33E=
github.com/davecgh/go-spew v1.1.0/go.mod h1:J7Y8YcW2NihsgmVo/mv3lAwl/skON4iLHjSsI+c5H38=
github.com/davecgh/go-spew v1.1.1 h1:vj9j/u1bqnvCEfJOwUhtlOARqs3+rkHYY13jYWTU97c=
github.com/davecgh/go-spew v1.1.1/go.mod h1:J7Y8YcW2NihsgmVo/mv3lAwl/skON4iLHjSsI+c5H38=
github.com/go-logfmt/logfmt v0.6.0 h1:wGYYu3uicYdqXVgoYbvnkrPVXkuLM1p1ifugDMEdRi4=
github.com/go-logfmt/logfmt v0.6.0/go.mod h1:WYhtIu8zTZfxdn5+rREduYbwxfcBr/Vr6KEVveWlfTs=
github.com/go-logr/logr v1.2.4 h1:g01GSCwiDw2xSZfjJ2/T9M+S6pFdcNtFYsp+Y43HYDQ=
github.com/go-logr/logr v1.2.4/go.mod h1:jdQByPbusPIv2/zmleS9BjJVeZ6kBagPoEUsqbVz/1A=
github.com/go-sql-driver/mysql v1.9.3 h1:U/N249h2WzJ3Ukj8SowVFjdtZKfu9vlLZxjPXV1aweo=
github.com/go-sql-driver/mysql v1.9.3/go.mod h1:qn46aNg1333BRMNU69Lq93t8du/dwxI64Gl8i5p1WMU=
github.com/godror/godror v0.44.7 h1:fGxtxozidwBR3C1FVTrMiH77maOnMA4HqltDS/YM7O0=
github.com/godror/godror v0.44.7/go.mod h1:KJwMtQpK9o3WdEiNw7qvgSk827YDLj9MV/bXSzvUzlo=
github.com/godror/knownpb v0.1.2 h1:icMyYsYVpGmzhoVA01xyd0o4EaubR31JPK1UxQWe4kM=
github.com/godror/knownpb v0.1.2/go.mod h1:zs9hH+lwj7mnPHPnKCcxdOGz38Axa9uT+97Ng+Nnu5s=
github.com/golang-jwt/jwt/v5 v5.2.1 h1:OuVbFODueb089Lh128TAcimifWaLhJwVflnrgM17wHk=
github.com/golang-jwt/jwt/v5 v5.2.1/go.mod h1:pqrtFR0X4osieyHYxtmOUWsAWrfe1Q5UVIyoH402zdk=
github.com/golang-sql/civil v0.0.0-20220223132316-b832511892a9 h1:au07oEsX2xN0ktxqI+Sida1w446QrXBRJ0nee3SNZlA=
github.com/golang-sql/civil v0.0.0-20220223132316-b832511892a9/go.mod h1:8vg3r2VgvsThLBIFL93Qb5yWzgyZWhEmBwUJWevAkK0=
github.com/golang-sql/sqlexp v0.1.0 h1:ZCD6MBpcuOVfGVqsEmY5/4FtYiKz6tSyUv9LPEDei6A=
github.com/golang-sql/sqlexp v0.1.0/go.mod h1:J4ad9Vo8ZCWQ2GMrC4UCQy1JpCbwU9m3EOqtpKwwwHI=
github.com/google/go-cmp v0.4.0/go.mod h1:v8dTdLbMG2kIc/vJvl+f65V22dbkXbowE6jgT/gNBxE=
github.com/google/go-cmp v0.6.0 h1:ofyhxvXcZhMsU5ulbFiLKl/XBFqE1GSq7atu8tAmTRI=
github.com/google/go-cmp v0.6.0/go.mod h1:17dUlkBOakJ0+DkrSSNjCkIjxS6bF9zb3elmeNGIjoY=
github.com/google/uuid v1.6.0 h1:NIvaJDMOsjHA8n1jAhLSgzrAzy1Hgr+hNrb57e+94F0=
github.com/google/uuid v1.6.0/go.mod h1:TIyPZe4MgqvfeYDBFedMoGGpEw/LqOeaOT+nhxU+yHo=
github.com/hailocab/go-hostpool v0.0.0-20160125115350-e80d13ce29ed/go.mod h1:tMWxXQ9wFIaZeTI9F+hmhFiGpFmhOHzyShyFUhRm0H4=
github.com/jackc/pgpassfile v1.0.0 h1:/6Hmqy13Ss2zCq62VdNG8tM1wchn8zjSGOBJ6icpsIM=
github.com/jackc/pgpassfile v1.0.0/go.mod h1:CEx0iS5ambNFdcRtxPj5JhEz+xB6uRky5eyVu/W2HEg=
github.com/jackc/pgservicefile v0.0.0-20240606120523-5a60cdf6a761 h1:iCEnooe7UlwOQYpKFhBabPMi4aNAfoODPEFNiAnClxo=
github.com/jackc/pgservicefile v0.0.0-20240606120523-5a60cdf6a761/go.mod h1:5TJZWKEWniPve33vlWYSoGYefn3gLQRzjfDlhSJ9ZKM=
github.com/jackc/pgx/v5 v5.7.6 h1:rWQc5FwZSPX58r1OQmkuaNicxdmExaEz5A2DO2hUuTk=
github.com/jackc/pgx/v5 v5.7.6/go.mod h1:aruU7o91Tc2q2cFp5h4uP3f6ztExVpyVv88Xl/8Vl8M=
github.com/jackc/puddle/v2 v2.2.2 h1:PR8nw+E/1w0GLuRFSmiioY6UooMp6KJv0/61nB7icHo=
github.com/jackc/puddle/v2 v2.2.2/go.mod h1:vriiEXHvEE654aYKXXjOvZM39qJ0q+azkZFrfEOc3H4=
github.com/klauspost/compress v1.17.9 h1:6KIumPrER1LHsvBVuDa0r5xaG0Es51mhhB9BQB2qeMA=
github.com/klauspost/compress v1.17.9/go.mod h1:Di0epgTjJY877eYKx5yC51cX2A2Vl2ibi7bDH9ttBbw=
github.com/kr/pretty v0.1.0/go.mod h1:dAy3ld7l9f0ibDNOQOHHMYYIIbhfbHSm3C4ZsoJORNo=
github.com/kr/pretty v0.3.0 h1:WgNl7dwNpEZ6jJ9k1snq4pZsg7DOEN8hP9Xw0Tsjwk0=
github.com/kr/pretty v0.3.0/go.mod h1:640gp4NfQd8pI5XOwp5fnNeVWj67G7CFk/SaSQn7NBk=
github.com/kr/pty v1.1.1/go.mod h1:pFQYn66WHrOpPYNljwOMqo10TkYh1fy3cYio2l3bCsQ=
github.com/kr/text v0.1.0/go.mod h1:4Jbv+DJW3UT/LiOwJeYQe1efqtUx/iVham/4vfdArNI=
github.com/kr/text v0.2.0 h1:5Nx0Ya0ZqY2ygV366QzturHI13Jq95ApcVaJBhpS+AY=
github.com/kr/text v0.2.0/go.mod h1:eLer722TekiGuMkidMxC/pM04lWEeraHUUmBw8l2grE=
github.com/kylelemons/godebug v1.1.0 h1:RPNrshWIDI6G2gRW9EHilWtl7Z6Sb1BR0xunSBf0SNc=
github.com/kylelemons/godebug v1.1.0/go.mod h1:9/0rRGxNHcop5bhtWyNeEfOS8JIWk580+fNqagV/RAw=
github.com/mattn/go-sqlite3 v1.14.28 h1:ThEiQrnbtumT+QMknw63Befp/ce/nUPgBPMlRFEum7A=
github.com/mattn/go-sqlite3 v1.14.28/go.mod h1:Uh1q+B4BYcTPb+yiD3kU8Ct7aC0hY9fxUwlHK0RXw+Y=
github.com/microsoft/go-mssqldb v1.8.0 h1:7cyZ/AT7ycDsEoWPIXibd+aVKFtteUNhDGf3aobP+tw=
github.com/microsoft/go-mssqldb v1.8.0/go.mod h1:6znkekS3T2vp0waiMhen4GPU1BiAsrP+iXHcE7a7rFo=
github.com/oklog/ulid/v2 v2.0.2 h1:r4fFzBm+bv0wNKNh5eXTwU7i85y5x+uwkxCUTNVQqLc=
github.com/oklog/ulid/v2 v2.0.2/go.mod h1:mtBL0Qe/0HAx6/a4Z30qxVIAL1eQDweXq5lxOEiwQ68=
github.com/pkg/browser v0.0.0-20240102092130-5ac0b6a4141c h1:+mdjkGKdHQG3305AYmdv1U2eRNDiU2ErMBj1gwrq8eQ=
github.com/pkg/browser v0.0.0-20240102092130-5ac0b6a4141c/go.mod h1:7rwL4CYBLnjLxUqIJNnCWiEdr3bn6IUYi15bNlnbCCU=
github.com/pmezard/go-difflib v1.0.0 h1:4DBwDE0NGyQoBHbLQYPwSUPoCMWR5BEzIk/f1lZbAQM=
github.com/pmezard/go-difflib v1.0.0/go.mod h1:iKH77koFhYxTK1pcRnkKkqfTogsbg7gZNVY4sRDYZ/4=
github.com/rogpeppe/go-internal v1.14.1 h1:UQB4HGPB6osV0SQTLymcB4TgvyWu6ZyliaW0tI/otEQ=
github.com/rogpeppe/go-internal v1.14.1/go.mod h1:MaRKkUm5W0goXpeCfT7UZI6fk/L7L7so1lCWt35ZSgc=
github.com/scylladb/gocql v1.15.3 h1:0vJT5pm7g5v8/pCs3tuXuRAfSRWvc1kib8J846Z+Z4g=
github.com/scylladb/gocql v1.15.3/go.mod h1:+rInt+HjERaMEYC4N8LocQQEAdREhYKU4QPkE00K5dA=
github.com/stretchr/objx v0.1.0/go.mod h1:HFkY916IF+rwdDfMAkV7OtwuqBVzrE8GR6GFx+wExME=
github.com/stretchr/objx v0.4.0/go.mod h1:YvHI0jy2hoMjB+UWwv71VJQ9isScKT/TqJzVSSt89Yw=
github.com/stretchr/objx v0.5.0/go.mod h1:Yh+to48EsGEfYuaHDzXPcE3xhTkx73EhmCGUpEOglKo=
github.com/stretchr/objx v0.5.2/go.mod h1:FRsXN1f5AsAjCGJKqEizvkpNtU+EGNCLh3NxZ/8L+MA=
github.com/stretchr/testify v1.3.0/go.mod h1:M5WIy9Dh21IEIfnGCwXGc5bZfKNJtfHm1UVUgZn+9EI=
github.com/stretchr/testify v1.7.0/go.mod h1:6Fq8oRcR53rry900zMqJjRRixrwX3KX962/h/Wwjteg=
github.com/stretchr/testify v1.7.1/go.mod h1:6Fq8oRcR53rry900zMqJjRRixrwX3KX962/h/Wwjteg=
github.com/stretchr/testify v1.8.0/go.mod h1:yNjHg4UonilssWZ8iaSj1OCr/vHnekPRkoO+kdMU+MU=
github.com/stretchr/testify v1.8.4/go.mod h1:sz/lmYIOXD/1dqDmKjjqLyZ2RngseejIcXlSw2iwfAo=
github.com/stretchr/testify v1.9.0/go.mod h1:r2ic/lqez/lEtzL7wO/rwa5dbSLXVDPFyf8C91i36aY=
github.com/stretchr/testify v1.10.0 h1:Xv5erBjTwe/5IxqUQTdXv5kgmIvbHo3QQyRwhJsOfJA=
github.com/stretchr/testify v1.10.0/go.mod h1:r2ic/lqez/lEtzL7wO/rwa5dbSLXVDPFyf8C91i36aY=
golang.org/x/crypto v0.37.0 h1:kJNSjF/Xp7kU0iB2Z+9viTPMW4EqqsrywMXLJOOsXSE=
golang.org/x/crypto v0.37.0/go.mod h1:vg+k43peMZ0pUMhYmVAWysMK35e6ioLh3wB8ZCAfbVc=
golang.org/x/exp v0.0.0-20240719175910-8a7402abbf56 h1:2dVuKD2vS7b0QIHQbpyTISPd0LeHDbnYEryqj5Q1ug8=
golang.org/x/exp v0.0.0-20240719175910-8a7402abbf56/go.mod h1:M4RDyNAINzryxdtnbRXRL/OHtkFuWGRjvuhBJpk2IlY=
golang.org/x/net v0.0.0-20220526153639-5463443f8c37/go.mod h1:XRhObCWvk6IyKnWLug+ECip1KBveYUHfp+8e9klMJ9c=
golang.org/x/net v0.26.0 h1:soB7SVo0PWrY4vPW/+ay0jKDNScG2X9wFeYlXIvJsOQ=
golang.org/x/net v0.26.0/go.mod h1:5YKkiSynbBIh3p6iOc/vibscux0x38BZDkn8sCUPxHE=
golang.org/x/sync v0.13.0 h1:AauUjRAJ9OSnvULf/ARrrVywoJDy0YS2AwQ98I37610=
golang.org/x/sync v0.13.0/go.mod h1:1dzgHSNfp02xaA81J2MS99Qcpr2w7fw1gpm99rleRqA=
golang.org/x/sys v0.0.0-20210615035016-665e8c7367d1/go.mod h1:oPkhp1MJrh7nUepCBck5+mAzfO9JrbApNNgaTdGDITg=
golang.org/x/sys v0.0.0-20220520151302-bc2c85ada10a/go.mod h1:oPkhp1MJrh7nUepCBck5+mAzfO9JrbApNNgaTdGDITg=
golang.org/x/sys v0.32.0 h1:s77OFDvIQeibCmezSnk/q6iAfkdiQaJi4VzroCFrN20=
golang.org/x/sys v0.32.0/go.mod h1:BJP2sWEmIv4KK5OTEluFJCKSidICx8ciO85XgH3Ak8k=
golang.org/x/term v0.0.0-20210927222741-03fcf44c2211/go.mod h1:jbD1KX2456YbFQfuXm/mYQcufACuNUgVhRMnK/tPxf8=
golang.org/x/term v0.31.0 h1:erwDkOK1Msy6offm1mOgvspSkslFnIGsFnxOKoufg3o=
golang.org/x/term v0.31.0/go.mod h1:R4BeIy7D95HzImkxGkTW1UQTtP54tio2RyHz7PwK0aw=
golang.org/x/text v0.3.7/go.mod h1:u+2+/6zg+i71rQMx5EYifcz6MCKuco9NR6JIITiCfzQ=
golang.org/x/text v0.24.0 h1:dd5Bzh4yt5KYA8f9CJHCP4FB4D51c2c6JvN37xJJkJ0=
golang.org/x/text v0.24.0/go.mod h1:L8rBsPeo2pSS+xqN0d5u2ikmjtmoJbDBT1b7nHvFCdU=
golang.org/x/tools v0.0.0-20180917221912-90fa682c2a6e/go.mod h1:n7NCudcB/nEzxVGmLbDWY5pfWTLqBcC2KZ6jyYvM4mQ=
golang.org/x/xerrors v0.0.0-20191204190536-9bdfabe68543/go.mod h1:I/5z698sn9Ka8TeJc9MKroUUfqBBauWjQqLJ2OPfmY0=
google.golang.org/protobuf v1.34.2 h1:6xV6lTsCfpGD21XK49h7MhtcApnLqkfYgPcdHftf6hg=
google.golang.org/protobuf v1.34.2/go.mod h1:qYOHts0dSfpeUzUFpOMr/WGzszTmLH+DiWniOlNbLDw=
gopkg.in/check.v1 v0.0.0-20161208181325-20d25e280405/go.mod h1:Co6ibVJAznAaIkqp8huTwlJQCZ016jof/cbN4VW5Yz0=
gopkg.in/check.v1 v1.0.0-20201130134442-10cb98267c6c h1:Hei/4ADfdWqJk1ZMxUNpqntNwaWcugrBjAiHlqqRiVk=
gopkg.in/check.v1 v1.0.0-20201130134442-10cb98267c6c/go.mod h1:JHkPIbrfpd72SG/EVd6muEfDQjcINNoR0C8j2r3qZ4Q=
gopkg.in/inf.v0 v0.9.1 h1:73M5CoZyi3ZLMOyDlQh031Cx6N9NDJ2Vvfl76EDAgDc=
gopkg.in/inf.v0 v0.9.1/go.mod h1:cWUDdTG/fYaXco+Dcufb5Vnc6Gp2YChqWtbxRZE0mXw=
gopkg.in/yaml.v2 v2.4.0 h1:D8xgwECY7CYvx+Y2n4sBz93Jn9JRvxdiyyo8CTfuKaY=
gopkg.in/yaml.v2 v2.4.0/go.mod h1:RDklbk79AGWmwhnvt/jBztapEOGDOx6ZbXqjP6csGnQ=
gopkg.in/yaml.v3 v3.0.0-20200313102051-9f266ea9e77c/go.mod h1:K4uyk7z7BCEPqu6E+C64Yfv1cQ7kz7rIZviUmN+EgEM=
gopkg.in/yaml.v3 v3.0.1 h1:fxVm/GzAzEWqLHuvctI91KS9hhNmmWOoWu0XTYJS7CA=
gopkg.in/yaml.v3 v3.0.1/go.mod h1:K4uyk7z7BCEPqu6E+C64Yfv1cQ7kz7rIZviUmN+EgEM=
sigs.k8s.io/yaml v1.3.0 h1:a2VclLzOGrwOHDiV8EfBGhvjHvP46CtW5j6POvhYGGo=
sigs.k8s.io/yaml v1.3.0/go.mod h1:GeOyir5tyXNByN85N/dRIT9es5UQNerPYEKK56eTBm8=
